
Microsoft Visual Studio Solution File, Format Version 12.00
# Visual Studio Version 16
VisualStudioVersion = 16.0.31729.503
MinimumVisualStudioVersion = 10.0.40219.1
Project("{FAE04EC0-301F-11D3-BF4B-00C04F79EFBC}") = "MNISTNN", "MNISTNN\MNISTNN.csproj", "{19D01733-B4CD-4D2F-BCE7-2AED826127B7}"
EndProject
Global
	GlobalSection(SolutionConfigurationPlatforms) = preSolution
		Debug|Any CPU = Debug|Any CPU
		Release|Any CPU = Release|Any CPU
	EndGlobalSection
	GlobalSection(ProjectConfigurationPlatforms) = postSolution
		{19D01733-B4CD-4D2F-BCE7-2AED826127B7}.Debug|Any CPU.ActiveCfg = Debug|Any CPU
		{19D01733-B4CD-4D2F-BCE7-2AED826127B7}.Debug|Any CPU.Build.0 = Debug|Any CPU
		{19D01733-B4CD-4D2F-BCE7-2AED826127B7}.Release|Any CPU.ActiveCfg = Release|Any CPU
		{19D01733-B4CD-4D2F-BCE7-2AED826127B7}.Release|Any CPU.Build.0 = Release|Any CPU
	EndGlobalSection
	GlobalSection(SolutionProperties) = preSolution
		HideSolutionNode = FALSE
	EndGlobalSection
	GlobalSection(ExtensibilityGlobals) = postSolution
		SolutionGuid = {24D236C1-84CD-4F2D-9E1F-0A2A7BD6D1FF}
	EndGlobalSection
EndGlobal
